{
  "version": 4,
  "terraform_version": "1.7.2",
  "serial": 9,
  "lineage": "5b886d54-570f-cc2a-36ff-db749f8fcb2f",
  "outputs": {},
  "resources": [
    {
      "mode": "managed",
      "type": "aws_vpc",
      "name": "OMvpc",
      "provider": "provider[\"registry.terraform.io/hashicorp/aws\"]",
      "instances": [
        {
          "schema_version": 1,
          "attributes": {
            "arn": "arn:aws:ec2:us-east-1:012339935503:vpc/vpc-0ac5744ce23654132",
            "assign_generated_ipv6_cidr_block": false,
            "cidr_block": "10.0.0.0/16",
            "default_network_acl_id": "acl-0a478cdf6ee8973a4",
            "default_route_table_id": "rtb-00ec9d722da5a6426",
            "default_security_group_id": "sg-026a90d69318140e9",
            "dhcp_options_id": "dopt-0ba3623efd86eab55",
            "enable_dns_hostnames": false,
            "enable_dns_support": true,
            "enable_network_address_usage_metrics": false,
            "id": "vpc-0ac5744ce23654132",
            "instance_tenancy": "default",
            "ipv4_ipam_pool_id": null,
            "ipv4_netmask_length": null,
            "ipv6_association_id": "",
            "ipv6_cidr_block": "",
            "ipv6_cidr_block_network_border_group": "",
            "ipv6_ipam_pool_id": "",
            "ipv6_netmask_length": 0,
            "main_route_table_id": "rtb-00ec9d722da5a6426",
            "owner_id": "012339935503",
            "tags": {
              "Name": "2main"
            },
            "tags_all": {
              "Name": "2main"
            }
          },
          "sensitive_attributes": [],
          "private": "eyJzY2hlbWFfdmVyc2lvbiI6IjEifQ=="
        }
      ]
    }
  ],
  "check_results": null
}
